
Microsoft Visual Studio Solution File, Format Version 12.00
# Visual Studio 15
VisualStudioVersion = 15.0.28307.102
MinimumVisualStudioVersion = 10.0.40219.1
Project("{FAE04EC0-301F-11D3-BF4B-00C04F79EFBC}") = "AnimalsFact", "AnimalsFact\AnimalsFact.csproj", "{57F34A33-3760-4D3E-8DC4-C822A8E09658}"
EndProject
Global
	GlobalSection(SolutionConfigurationPlatforms) = preSolution
		Debug|Any CPU = Debug|Any CPU
		Release|Any CPU = Release|Any CPU
	EndGlobalSection
	GlobalSection(ProjectConfigurationPlatforms) = postSolution
		{57F34A33-3760-4D3E-8DC4-C822A8E09658}.Debug|Any CPU.ActiveCfg = Debug|Any CPU
		{57F34A33-3760-4D3E-8DC4-C822A8E09658}.Debug|Any CPU.Build.0 = Debug|Any CPU
		{57F34A33-3760-4D3E-8DC4-C822A8E09658}.Release|Any CPU.ActiveCfg = Release|Any CPU
		{57F34A33-3760-4D3E-8DC4-C822A8E09658}.Release|Any CPU.Build.0 = Release|Any CPU
	EndGlobalSection
	GlobalSection(SolutionProperties) = preSolution
		HideSolutionNode = FALSE
	EndGlobalSection
	GlobalSection(ExtensibilityGlobals) = postSolution
		SolutionGuid = {8FA880EC-1CE0-42F1-BCC9-59243E09245A}
	EndGlobalSection
EndGlobal
